// !$*UTF8*$!
{
	archiveVersion = 1;
	classes = {
	};
	objectVersion = 56;
	objects = {

/* Begin PBXBuildFile section */
		2B8D30CF2C0EB45200522320 /* StatePropertyView.swift in Sources */ = {isa = PBXBuildFile; fileRef = 2B8D30CE2C0EB45200522320 /* StatePropertyView.swift */; };
		2B8D30D12C0ECB8D00522320 /* VStackView.swift in Sources */ = {isa = PBXBuildFile; fileRef = 2B8D30D02C0ECB8D00522320 /* VStackView.swift */; };
		2B8D30D32C0EF85000522320 /* BindingView.swift in Sources */ = {isa = PBXBuildFile; fileRef = 2B8D30D22C0EF85000522320 /* BindingView.swift */; };
		2B8D30D52C16876000522320 /* ObservableObjectObject.swift in Sources */ = {isa = PBXBuildFile; fileRef = 2B8D30D42C16876000522320 /* ObservableObjectObject.swift */; };
		2B8D30D72C1688CD00522320 /* ViewModelView.swift in Sources */ = {isa = PBXBuildFile; fileRef = 2B8D30D62C1688CD00522320 /* ViewModelView.swift */; };
		2BCE3BFE2C0D958D001CAE81 /* firstprjApp.swift in Sources */ = {isa = PBXBuildFile; fileRef = 2BCE3BFD2C0D958D001CAE81 /* firstprjApp.swift */; };
		2BCE3C002C0D958D001CAE81 /* Persistence.swift in Sources */ = {isa = PBXBuildFile; fileRef = 2BCE3BFF2C0D958D001CAE81 /* Persistence.swift */; };
		2BCE3C032C0D958D001CAE81 /* firstprj.xcdatamodeld in Sources */ = {isa = PBXBuildFile; fileRef = 2BCE3C012C0D958D001CAE81 /* firstprj.xcdatamodeld */; };
		2BCE3C072C0D958D001CAE81 /* Assets.xcassets in Resources */ = {isa = PBXBuildFile; fileRef = 2BCE3C062C0D958D001CAE81 /* Assets.xcassets */; };
		2BCE3C0B2C0D958D001CAE81 /* Preview Assets.xcassets in Resources */ = {isa = PBXBuildFile; fileRef = 2BCE3C0A2C0D958D001CAE81 /* Preview Assets.xcassets */; };
/* End PBXBuildFile section */

/* Begin PBXFileReference section */
		2B8D30CE2C0EB45200522320 /* StatePropertyView.swift */ = {isa = PBXFileReference; lastKnownFileType = sourcecode.swift; path = StatePropertyView.swift; sourceTree = "<group>"; };
		2B8D30D02C0ECB8D00522320 /* VStackView.swift */ = {isa = PBXFileReference; lastKnownFileType = sourcecode.swift; path = VStackView.swift; sourceTree = "<group>"; };
		2B8D30D22C0EF85000522320 /* BindingView.swift */ = {isa = PBXFileReference; lastKnownFileType = sourcecode.swift; path = BindingView.swift; sourceTree = "<group>"; };
		2B8D30D42C16876000522320 /* ObservableObjectObject.swift */ = {isa = PBXFileReference; lastKnownFileType = sourcecode.swift; path = ObservableObjectObject.swift; sourceTree = "<group>"; };
		2B8D30D62C1688CD00522320 /* ViewModelView.swift */ = {isa = PBXFileReference; lastKnownFileType = sourcecode.swift; path = ViewModelView.swift; sourceTree = "<group>"; };
		2BCE3BFA2C0D958D001CAE81 /* firstprj.app */ = {isa = PBXFileReference; explicitFileType = wrapper.application; includeInIndex = 0; path = firstprj.app; sourceTree = BUILT_PRODUCTS_DIR; };
		2BCE3BFD2C0D958D001CAE81 /* firstprjApp.swift */ = {isa = PBXFileReference; lastKnownFileType = sourcecode.swift; path = firstprjApp.swift; sourceTree = "<group>"; };
		2BCE3BFF2C0D958D001CAE81 /* Persistence.swift */ = {isa = PBXFileReference; lastKnownFileType = sourcecode.swift; path = Persistence.swift; sourceTree = "<group>"; };
		2BCE3C022C0D958D001CAE81 /* firstprj.xcdatamodel */ = {isa = PBXFileReference; lastKnownFileType = wrapper.xcdatamodel; path = firstprj.xcdatamodel; sourceTree = "<group>"; };
		2BCE3C062C0D958D001CAE81 /* Assets.xcassets */ = {isa = PBXFileReference; lastKnownFileType = folder.assetcatalog; path = Assets.xcassets; sourceTree = "<group>"; };
		2BCE3C082C0D958D001CAE81 /* firstprj.entitlements */ = {isa = PBXFileReference; lastKnownFileType = text.plist.entitlements; path = firstprj.entitlements; sourceTree = "<group>"; };
		2BCE3C0A2C0D958D001CAE81 /* Preview Assets.xcassets */ = {isa = PBXFileReference; lastKnownFileType = folder.assetcatalog; path = "Preview Assets.xcassets"; sourceTree = "<group>"; };
/* End PBXFileReference section */

/* Begin PBXFrameworksBuildPhase section */
		2BCE3BF72C0D958D001CAE81 /* Frameworks */ = {
			isa = PBXFrameworksBuildPhase;
			buildActionMask = 2147483647;
			files = (
			);
			runOnlyForDeploymentPostprocessing = 0;
		};
/* End PBXFrameworksBuildPhase section */

/* Begin PBXGroup section */
		2BCE3BF12C0D958D001CAE81 = {
			isa = PBXGroup;
			children = (
				2BCE3BFC2C0D958D001CAE81 /* firstprj */,
				2BCE3BFB2C0D958D001CAE81 /* Products */,
			);
			sourceTree = "<group>";
		};
		2BCE3BFB2C0D958D001CAE81 /* Products */ = {
			isa = PBXGroup;
			children = (
				2BCE3BFA2C0D958D001CAE81 /* firstprj.app */,
			);
			name = Products;
			sourceTree = "<group>";
		};
		2BCE3BFC2C0D958D001CAE81 /* firstprj */ = {
			isa = PBXGroup;
			children = (
				2BCE3BFD2C0D958D001CAE81 /* firstprjApp.swift */,
				2BCE3BFF2C0D958D001CAE81 /* Persistence.swift */,
				2B8D30D02C0ECB8D00522320 /* VStackView.swift */,
				2B8D30CE2C0EB45200522320 /* StatePropertyView.swift */,
				2BCE3C062C0D958D001CAE81 /* Assets.xcassets */,
				2BCE3C082C0D958D001CAE81 /* firstprj.entitlements */,
				2BCE3C012C0D958D001CAE81 /* firstprj.xcdatamodeld */,
				2BCE3C092C0D958D001CAE81 /* Preview Content */,
				2B8D30D22C0EF85000522320 /* BindingView.swift */,
				2B8D30D42C16876000522320 /* ObservableObjectObject.swift */,
				2B8D30D62C1688CD00522320 /* ViewModelView.swift */,
			);
			path = firstprj;
			sourceTree = "<group>";
		};
		2BCE3C092C0D958D001CAE81 /* Preview Content */ = {
			isa = PBXGroup;
			children = (
				2BCE3C0A2C0D958D001CAE81 /* Preview Assets.xcassets */,
			);
			path = "Preview Content";
			sourceTree = "<group>";
		};
/* End PBXGroup section */

/* Begin PBXNativeTarget section */
		2BCE3BF92C0D958D001CAE81 /* firstprj */ = {
			isa = PBXNativeTarget;
			buildConfigurationList = 2BCE3C0E2C0D958D001CAE81 /* Build configuration list for PBXNativeTarget "firstprj" */;
			buildPhases = (
				2BCE3BF62C0D958D001CAE81 /* Sources */,
				2BCE3BF72C0D958D001CAE81 /* Frameworks */,
				2BCE3BF82C0D958D001CAE81 /* Resources */,
			);
			buildRules = (
			);
			dependencies = (
			);
			name = firstprj;
			productName = firstprj;
			productReference = 2BCE3BFA2C0D958D001CAE81 /* firstprj.app */;
			productType = "com.apple.product-type.application";
		};
/* End PBXNativeTarget section */

/* Begin PBXProject section */
		2BCE3BF22C0D958D001CAE81 /* Project object */ = {
			isa = PBXProject;
			attributes = {
				BuildIndependentTargetsInParallel = 1;
				LastSwiftUpdateCheck = 1540;
				LastUpgradeCheck = 1540;
				TargetAttributes = {
					2BCE3BF92C0D958D001CAE81 = {
						CreatedOnToolsVersion = 15.4;
					};
				};
			};
			buildConfigurationList = 2BCE3BF52C0D958D001CAE81 /* Build configuration list for PBXProject "firstprj" */;
			compatibilityVersion = "Xcode 14.0";
			developmentRegion = en;
			hasScannedForEncodings = 0;
			knownRegions = (
				en,
				Base,
			);
			mainGroup = 2BCE3BF12C0D958D001CAE81;
			productRefGroup = 2BCE3BFB2C0D958D001CAE81 /* Products */;
			projectDirPath = "";
			projectRoot = "";
			targets = (
				2BCE3BF92C0D958D001CAE81 /* firstprj */,
			);
		};
/* End PBXProject section */

/* Begin PBXResourcesBuildPhase section */
		2BCE3BF82C0D958D001CAE81 /* Resources */ = {
			isa = PBXResourcesBuildPhase;
			buildActionMask = 2147483647;
			files = (
				2BCE3C0B2C0D958D001CAE81 /* Preview Assets.xcassets in Resources */,
				2BCE3C072C0D958D001CAE81 /* Assets.xcassets in Resources */,
			);
			runOnlyForDeploymentPostprocessing = 0;
		};
/* End PBXResourcesBuildPhase section */

/* Begin PBXSourcesBuildPhase section */
		2BCE3BF62C0D958D001CAE81 /* Sources */ = {
			isa = PBXSourcesBuildPhase;
			buildActionMask = 2147483647;
			files = (
				2B8D30D52C16876000522320 /* ObservableObjectObject.swift in Sources */,
				2B8D30D12C0ECB8D00522320 /* VStackView.swift in Sources */,
				2BCE3BFE2C0D958D001CAE81 /* firstprjApp.swift in Sources */,
				2B8D30D32C0EF85000522320 /* BindingView.swift in Sources */,
				2B8D30CF2C0EB45200522320 /* StatePropertyView.swift in Sources */,
				2B8D30D72C1688CD00522320 /* ViewModelView.swift in Sources */,
				2BCE3C002C0D958D001CAE81 /* Persistence.swift in Sources */,
				2BCE3C032C0D958D001CAE81 /* firstprj.xcdatamodeld in Sources */,
			);
			runOnlyForDeploymentPostprocessing = 0;
		};
/* End PBXSourcesBuildPhase section */

/* Begin XCBuildConfiguration section */
		2BCE3C0C2C0D958D001CAE81 /* Debug */ = {
			isa = XCBuildConfiguration;
			buildSettings = {
				ALWAYS_SEARCH_USER_PATHS = NO;
				ASSETCATALOG_COMPILER_GENERATE_SWIFT_ASSET_SYMBOL_EXTENSIONS = YES;
				CLANG_ANALYZER_NONNULL = YES;
				CLANG_ANALYZER_NUMBER_OBJECT_CONVERSION = YES_AGGRESSIVE;
				CLANG_CXX_LANGUAGE_STANDARD = "gnu++20";
				CLANG_ENABLE_MODULES = YES;
				CLANG_ENABLE_OBJC_ARC = YES;
				CLANG_ENABLE_OBJC_WEAK = YES;
				CLANG_WARN_BLOCK_CAPTURE_AUTORELEASING = YES;
				CLANG_WARN_BOOL_CONVERSION = YES;
				CLANG_WARN_COMMA = YES;
				CLANG_WARN_CONSTANT_CONVERSION = YES;
				CLANG_WARN_DEPRECATED_OBJC_IMPLEMENTATIONS = YES;
				CLANG_WARN_DIRECT_OBJC_ISA_USAGE = YES_ERROR;
				CLANG_WARN_DOCUMENTATION_COMMENTS = YES;
				CLANG_WARN_EMPTY_BODY = YES;
				CLANG_WARN_ENUM_CONVERSION = YES;
				CLANG_WARN_INFINITE_RECURSION = YES;
				CLANG_WARN_INT_CONVERSION = YES;
				CLANG_WARN_NON_LITERAL_NULL_CONVERSION = YES;
				CLANG_WARN_OBJC_IMPLICIT_RETAIN_SELF = YES;
				CLANG_WARN_OBJC_LITERAL_CONVERSION = YES;
				CLANG_WARN_OBJC_ROOT_CLASS = YES_ERROR;
				CLANG_WARN_QUOTED_INCLUDE_IN_FRAMEWORK_HEADER = YES;
				CLANG_WARN_RANGE_LOOP_ANALYSIS = YES;
				CLANG_WARN_STRICT_PROTOTYPES = YES;
				CLANG_WARN_SUSPICIOUS_MOVE = YES;
				CLANG_WARN_UNGUARDED_AVAILABILITY = YES_AGGRESSIVE;
				CLANG_WARN_UNREACHABLE_CODE = YES;
				CLANG_WARN__DUPLICATE_METHOD_MATCH = YES;
				COPY_PHASE_STRIP = NO;
				DEBUG_INFORMATION_FORMAT = dwarf;
				ENABLE_STRICT_OBJC_MSGSEND = YES;
				ENABLE_TESTABILITY = YES;
				ENABLE_USER_SCRIPT_SANDBOXING = YES;
				GCC_C_LANGUAGE_STANDARD = gnu17;
				GCC_DYNAMIC_NO_PIC = NO;
				GCC_NO_COMMON_BLOCKS = YES;
				GCC_OPTIMIZATION_LEVEL = 0;
				GCC_PREPROCESSOR_DEFINITIONS = (
					"DEBUG=1",
					"$(inherited)",
				);
				GCC_WARN_64_TO_32_BIT_CONVERSION = YES;
				GCC_WARN_ABOUT_RETURN_TYPE = YES_ERROR;
				GCC_WARN_UNDECLARED_SELECTOR = YES;
				GCC_WARN_UNINITIALIZED_AUTOS = YES_AGGRESSIVE;
				GCC_WARN_UNUSED_FUNCTION = YES;
				GCC_WARN_UNUSED_VARIABLE = YES;
				LOCALIZATION_PREFERS_STRING_CATALOGS = YES;
				MTL_ENABLE_DEBUG_INFO = INCLUDE_SOURCE;
				MTL_FAST_MATH = YES;
				ONLY_ACTIVE_ARCH = YES;
				SWIFT_ACTIVE_COMPILATION_CONDITIONS = "DEBUG $(inherited)";
				SWIFT_OPTIMIZATION_LEVEL = "-Onone";
			};
			name = Debug;
		};
		2BCE3C0D2C0D958D001CAE81 /* Release */ = {
			isa = XCBuildConfiguration;
			buildSettings = {
				ALWAYS_SEARCH_USER_PATHS = NO;
				ASSETCATALOG_COMPILER_GENERATE_SWIFT_ASSET_SYMBOL_EXTENSIONS = YES;
				CLANG_ANALYZER_NONNULL = YES;
				CLANG_ANALYZER_NUMBER_OBJECT_CONVERSION = YES_AGGRESSIVE;
				CLANG_CXX_LANGUAGE_STANDARD = "gnu++20";
				CLANG_ENABLE_MODULES = YES;
				CLANG_ENABLE_OBJC_ARC = YES;
				CLANG_ENABLE_OBJC_WEAK = YES;
				CLANG_WARN_BLOCK_CAPTURE_AUTORELEASING = YES;
				CLANG_WARN_BOOL_CONVERSION = YES;
				CLANG_WARN_COMMA = YES;
				CLANG_WARN_CONSTANT_CONVERSION = YES;
				CLANG_WARN_DEPRECATED_OBJC_IMPLEMENTATIONS = YES;
				CLANG_WARN_DIRECT_OBJC_ISA_USAGE = YES_ERROR;
				CLANG_WARN_DOCUMENTATION_COMMENTS = YES;
				CLANG_WARN_EMPTY_BODY = YES;
				CLANG_WARN_ENUM_CONVERSION = YES;
				CLANG_WARN_INFINITE_RECURSION = YES;
				CLANG_WARN_INT_CONVERSION = YES;
				CLANG_WARN_NON_LITERAL_NULL_CONVERSION = YES;
				CLANG_WARN_OBJC_IMPLICIT_RETAIN_SELF = YES;
				CLANG_WARN_OBJC_LITERAL_CONVERSION = YES;
				CLANG_WARN_OBJC_ROOT_CLASS = YES_ERROR;
				CLANG_WARN_QUOTED_INCLUDE_IN_FRAMEWORK_HEADER = YES;
				CLANG_WARN_RANGE_LOOP_ANALYSIS = YES;
				CLANG_WARN_STRICT_PROTOTYPES = YES;
				CLANG_WARN_SUSPICIOUS_MOVE = YES;
				CLANG_WARN_UNGUARDED_AVAILABILITY = YES_AGGRESSIVE;
				CLANG_WARN_UNREACHABLE_CODE = YES;
				CLANG_WARN__DUPLICATE_METHOD_MATCH = YES;
				COPY_PHASE_STRIP = NO;
				DEBUG_INFORMATION_FORMAT = "dwarf-with-dsym";
				ENABLE_NS_ASSERTIONS = NO;
				ENABLE_STRICT_OBJC_MSGSEND = YES;
				ENABLE_USER_SCRIPT_SANDBOXING = YES;
				GCC_C_LANGUAGE_STANDARD = gnu17;
				GCC_NO_COMMON_BLOCKS = YES;
				GCC_WARN_64_TO_32_BIT_CONVERSION = YES;
				GCC_WARN_ABOUT_RETURN_TYPE = YES_ERROR;
				GCC_WARN_UNDECLARED_SELECTOR = YES;
				GCC_WARN_UNINITIALIZED_AUTOS = YES_AGGRESSIVE;
				GCC_WARN_UNUSED_FUNCTION = YES;
				GCC_WARN_UNUSED_VARIABLE = YES;
				LOCALIZATION_PREFERS_STRING_CATALOGS = YES;
				MTL_ENABLE_DEBUG_INFO = NO;
				MTL_FAST_MATH = YES;
				SWIFT_COMPILATION_MODE = wholemodule;
			};
			name = Release;
		};
		2BCE3C0F2C0D958D001CAE81 /* Debug */ = {
			isa = XCBuildConfiguration;
			buildSettings = {
				ASSETCATALOG_COMPILER_APPICON_NAME = AppIcon;
				ASSETCATALOG_COMPILER_GLOBAL_ACCENT_COLOR_NAME = AccentColor;
				CODE_SIGN_ENTITLEMENTS = firstprj/firstprj.entitlements;
				CODE_SIGN_STYLE = Automatic;
				CURRENT_PROJECT_VERSION = 1;
				DEVELOPMENT_ASSET_PATHS = "\"firstprj/Preview Content\"";
				ENABLE_PREVIEWS = YES;
				GENERATE_INFOPLIST_FILE = YES;
				INFOPLIST_KEY_NSCameraUsageDescription = "";
				INFOPLIST_KEY_NSPhotoLibraryUsageDescription = "";
				"INFOPLIST_KEY_UIApplicationSceneManifest_Generation[sdk=iphoneos*]" = YES;
				"INFOPLIST_KEY_UIApplicationSceneManifest_Generation[sdk=iphonesimulator*]" = YES;
				"INFOPLIST_KEY_UIApplicationSupportsIndirectInputEvents[sdk=iphoneos*]" = YES;
				"INFOPLIST_KEY_UIApplicationSupportsIndirectInputEvents[sdk=iphonesimulator*]" = YES;
				"INFOPLIST_KEY_UILaunchScreen_Generation[sdk=iphoneos*]" = YES;
				"INFOPLIST_KEY_UILaunchScreen_Generation[sdk=iphonesimulator*]" = YES;
				"INFOPLIST_KEY_UIStatusBarStyle[sdk=iphoneos*]" = UIStatusBarStyleDefault;
				"INFOPLIST_KEY_UIStatusBarStyle[sdk=iphonesimulator*]" = UIStatusBarStyleDefault;
				INFOPLIST_KEY_UISupportedInterfaceOrientations = UIInterfaceOrientationPortrait;
				IPHONEOS_DEPLOYMENT_TARGET = 17.5;
				LD_RUNPATH_SEARCH_PATHS = "@executable_path/Frameworks";
				"LD_RUNPATH_SEARCH_PATHS[sdk=macosx*]" = "@executable_path/../Frameworks";
				MACOSX_DEPLOYMENT_TARGET = 14.4;
				MARKETING_VERSION = 1.0;
				PRODUCT_BUNDLE_IDENTIFIER = kr.co.kworks.firstprj;
				PRODUCT_NAME = "$(TARGET_NAME)";
				SDKROOT = auto;
				SUPPORTED_PLATFORMS = "iphoneos iphonesimulator macosx";
				SWIFT_EMIT_LOC_STRINGS = YES;
				SWIFT_VERSION = 5.0;
				TARGETED_DEVICE_FAMILY = "1,2";
			};
			name = Debug;
		};
		2BCE3C102C0D958D001CAE81 /* Release */ = {
			isa = XCBuildConfiguration;
			buildSettings = {
				ASSETCATALOG_COMPILER_APPICON_NAME = AppIcon;
				ASSETCATALOG_COMPILER_GLOBAL_ACCENT_COLOR_NAME = AccentColor;
				CODE_SIGN_ENTITLEMENTS = firstprj/firstprj.entitlements;
				CODE_SIGN_STYLE = Automatic;
				CURRENT_PROJECT_VERSION = 1;
				DEVELOPMENT_ASSET_PATHS = "\"firstprj/Preview Content\"";
				ENABLE_PREVIEWS = YES;
				GENERATE_INFOPLIST_FILE = YES;
				INFOPLIST_KEY_NSCameraUsageDescription = "";
				INFOPLIST_KEY_NSPhotoLibraryUsageDescription = "";
				"INFOPLIST_KEY_UIApplicationSceneManifest_Generation[sdk=iphoneos*]" = YES;
				"INFOPLIST_KEY_UIApplicationSceneManifest_Generation[sdk=iphonesimulator*]" = YES;
				"INFOPLIST_KEY_UIApplicationSupportsIndirectInputEvents[sdk=iphoneos*]" = YES;
				"INFOPLIST_KEY_UIApplicationSupportsIndirectInputEvents[sdk=iphonesimulator*]" = YES;
				"INFOPLIST_KEY_UILaunchScreen_Generation[sdk=iphoneos*]" = YES;
				"INFOPLIST_KEY_UILaunchScreen_Generation[sdk=iphonesimulator*]" = YES;
				"INFOPLIST_KEY_UIStatusBarStyle[sdk=iphoneos*]" = UIStatusBarStyleDefault;
				"INFOPLIST_KEY_UIStatusBarStyle[sdk=iphonesimulator*]" = UIStatusBarStyleDefault;
				INFOPLIST_KEY_UISupportedInterfaceOrientations = UIInterfaceOrientationPortrait;
				IPHONEOS_DEPLOYMENT_TARGET = 17.5;
				LD_RUNPATH_SEARCH_PATHS = "@executable_path/Frameworks";
				"LD_RUNPATH_SEARCH_PATHS[sdk=macosx*]" = "@executable_path/../Frameworks";
				MACOSX_DEPLOYMENT_TARGET = 14.4;
				MARKETING_VERSION = 1.0;
				PRODUCT_BUNDLE_IDENTIFIER = kr.co.kworks.firstprj;
				PRODUCT_NAME = "$(TARGET_NAME)";
				SDKROOT = auto;
				SUPPORTED_PLATFORMS = "iphoneos iphonesimulator macosx";
				SWIFT_EMIT_LOC_STRINGS = YES;
				SWIFT_VERSION = 5.0;
				TARGETED_DEVICE_FAMILY = "1,2";
			};
			name = Release;
		};
/* End XCBuildConfiguration section */

/* Begin XCConfigurationList section */
		2BCE3BF52C0D958D001CAE81 /* Build configuration list for PBXProject "firstprj" */ = {
			isa = XCConfigurationList;
			buildConfigurations = (
				2BCE3C0C2C0D958D001CAE81 /* Debug */,
				2BCE3C0D2C0D958D001CAE81 /* Release */,
			);
			defaultConfigurationIsVisible = 0;
			defaultConfigurationName = Release;
		};
		2BCE3C0E2C0D958D001CAE81 /* Build configuration list for PBXNativeTarget "firstprj" */ = {
			isa = XCConfigurationList;
			buildConfigurations = (
				2BCE3C0F2C0D958D001CAE81 /* Debug */,
				2BCE3C102C0D958D001CAE81 /* Release */,
			);
			defaultConfigurationIsVisible = 0;
			defaultConfigurationName = Release;
		};
/* End XCConfigurationList section */

/* Begin XCVersionGroup section */
		2BCE3C012C0D958D001CAE81 /* firstprj.xcdatamodeld */ = {
			isa = XCVersionGroup;
			children = (
				2BCE3C022C0D958D001CAE81 /* firstprj.xcdatamodel */,
			);
			currentVersion = 2BCE3C022C0D958D001CAE81 /* firstprj.xcdatamodel */;
			path = firstprj.xcdatamodeld;
			sourceTree = "<group>";
			versionGroupType = wrapper.xcdatamodel;
		};
/* End XCVersionGroup section */
	};
	rootObject = 2BCE3BF22C0D958D001CAE81 /* Project object */;
}
